
Microsoft Visual Studio Solution File, Format Version 12.00
# Visual Studio Version 16
VisualStudioVersion = 16.0.29306.81
MinimumVisualStudioVersion = 10.0.40219.1
Project("{FAE04EC0-301F-11D3-BF4B-00C04F79EFBC}") = "EjemploComposite", "EjemploComposite\EjemploComposite.csproj", "{1E3F5BE2-FB4D-4213-9FB3-D1046C614984}"
EndProject
Global
	GlobalSection(SolutionConfigurationPlatforms) = preSolution
		Debug|Any CPU = Debug|Any CPU
		Release|Any CPU = Release|Any CPU
	EndGlobalSection
	GlobalSection(ProjectConfigurationPlatforms) = postSolution
		{1E3F5BE2-FB4D-4213-9FB3-D1046C614984}.Debug|Any CPU.ActiveCfg = Debug|Any CPU
		{1E3F5BE2-FB4D-4213-9FB3-D1046C614984}.Debug|Any CPU.Build.0 = Debug|Any CPU
		{1E3F5BE2-FB4D-4213-9FB3-D1046C614984}.Release|Any CPU.ActiveCfg = Release|Any CPU
		{1E3F5BE2-FB4D-4213-9FB3-D1046C614984}.Release|Any CPU.Build.0 = Release|Any CPU
	EndGlobalSection
	GlobalSection(SolutionProperties) = preSolution
		HideSolutionNode = FALSE
	EndGlobalSection
	GlobalSection(ExtensibilityGlobals) = postSolution
		SolutionGuid = {5C850383-A64E-4C01-9038-11ECECC211DC}
	EndGlobalSection
EndGlobal
